
Microsoft Visual Studio Solution File, Format Version 12.00
Project("{FAE04EC0-301F-11D3-BF4B-00C04F79EFBC}") = "Feb16_Task12", "Feb16_Task12\Feb16_Task12.csproj", "{EE7FE9DE-6BA8-44C8-B89B-727041A76984}"
EndProject
Project("{FAE04EC0-301F-11D3-BF4B-00C04F79EFBC}") = "Paymants", "Paymants\Paymants.csproj", "{F272DD57-4E32-4265-9841-2D8CE6717513}"
EndProject
Project("{FAE04EC0-301F-11D3-BF4B-00C04F79EFBC}") = "Feb23_task1", "Feb23_task1\Feb23_task1.csproj", "{0271C760-DB04-4005-9448-9C634A399D03}"
EndProject
Project("{FAE04EC0-301F-11D3-BF4B-00C04F79EFBC}") = "Feb23_Task2", "Feb23_Task2\Feb23_Task2.csproj", "{34C6DD2E-3692-4BD1-A1F4-ABDA3DC973F1}"
EndProject
Project("{FAE04EC0-301F-11D3-BF4B-00C04F79EFBC}") = "Feb23_Task3", "Feb23_Task3\Feb23_Task3.csproj", "{CE916F79-7CF5-479A-AFE8-33F467771CEE}"
EndProject
Project("{FAE04EC0-301F-11D3-BF4B-00C04F79EFBC}") = "Feb23_Task4", "Feb23_Task4\Feb23_Task4.csproj", "{8CEC5CA2-AEAE-4003-B861-ABCD08A96FC3}"
EndProject
Project("{FAE04EC0-301F-11D3-BF4B-00C04F79EFBC}") = "Feb23_Task5", "Feb23_Task5\Feb23_Task5.csproj", "{AD479B8D-2D19-477D-8F77-69EA42A61E50}"
EndProject
Project("{FAE04EC0-301F-11D3-BF4B-00C04F79EFBC}") = "Feb23_Task6", "Feb23_Task6\Feb23_Task6.csproj", "{B4B8A357-E5E8-474B-90AE-498598F4C9F5}"
EndProject
Project("{FAE04EC0-301F-11D3-BF4B-00C04F79EFBC}") = "Feb23_Task7", "Feb23_Task7\Feb23_Task7.csproj", "{69A12F6A-6165-4AB7-9FEC-95449129ED7C}"
EndProject
Project("{FAE04EC0-301F-11D3-BF4B-00C04F79EFBC}") = "Feb23_Task8", "Feb23_Task8\Feb23_Task8.csproj", "{266419FE-CD4A-4E3A-8225-EB3753407494}"
EndProject
Project("{FAE04EC0-301F-11D3-BF4B-00C04F79EFBC}") = "Feb23_Task9", "Feb23_Task9\Feb23_Task9.csproj", "{75911EA9-C644-489E-8CDD-585BDEB09516}"
EndProject
Project("{2150E333-8FDC-42A3-9474-1A3956D46DE8}") = "Feb16", "Feb16", "{8E5B2B4D-6A06-447A-9FAC-5CD20CBA73B9}"
EndProject
Project("{2150E333-8FDC-42A3-9474-1A3956D46DE8}") = "Feb23", "Feb23", "{378FF7B7-B16D-4C1C-9FA1-88A33375730E}"
EndProject
Project("{2150E333-8FDC-42A3-9474-1A3956D46DE8}") = "MyProject", "MyProject", "{15CA8E4D-E81D-49B3-B48C-DB59C437FC49}"
EndProject
Project("{2150E333-8FDC-42A3-9474-1A3956D46DE8}") = "March2", "March2", "{108DB301-B3B2-4031-8DB8-1D1D3726E7A7}"
EndProject
Project("{FAE04EC0-301F-11D3-BF4B-00C04F79EFBC}") = "March2_Task1", "March2_Task1\March2_Task1.csproj", "{0BECBB3E-434D-415D-AF2F-753FCF38C2F3}"
EndProject
Project("{FAE04EC0-301F-11D3-BF4B-00C04F79EFBC}") = "March2_Task2", "March2_Task2\March2_Task2.csproj", "{562AFD6C-2A4C-481A-AD61-60185A6CD4EB}"
EndProject
Project("{FAE04EC0-301F-11D3-BF4B-00C04F79EFBC}") = "March2_Task5", "March2_Task5\March2_Task5.csproj", "{30237733-5E4E-4C92-BDD4-4F421ACC5206}"
EndProject
Project("{FAE04EC0-301F-11D3-BF4B-00C04F79EFBC}") = "March2_Task6_7", "March2_Task6_7\March2_Task6_7.csproj", "{CCEBC881-0815-4BE2-A607-E312248C7F89}"
EndProject
Project("{FAE04EC0-301F-11D3-BF4B-00C04F79EFBC}") = "March2_Task8", "March2_Task8\March2_Task8.csproj", "{656209F2-EFB1-4BD4-9846-3FAB129875D4}"
EndProject
Global
	GlobalSection(SolutionConfigurationPlatforms) = preSolution
		Debug|Any CPU = Debug|Any CPU
		Release|Any CPU = Release|Any CPU
	EndGlobalSection
	GlobalSection(ProjectConfigurationPlatforms) = postSolution
		{EE7FE9DE-6BA8-44C8-B89B-727041A76984}.Debug|Any CPU.ActiveCfg = Debug|Any CPU
		{EE7FE9DE-6BA8-44C8-B89B-727041A76984}.Debug|Any CPU.Build.0 = Debug|Any CPU
		{EE7FE9DE-6BA8-44C8-B89B-727041A76984}.Release|Any CPU.ActiveCfg = Release|Any CPU
		{EE7FE9DE-6BA8-44C8-B89B-727041A76984}.Release|Any CPU.Build.0 = Release|Any CPU
		{F272DD57-4E32-4265-9841-2D8CE6717513}.Debug|Any CPU.ActiveCfg = Debug|Any CPU
		{F272DD57-4E32-4265-9841-2D8CE6717513}.Debug|Any CPU.Build.0 = Debug|Any CPU
		{F272DD57-4E32-4265-9841-2D8CE6717513}.Release|Any CPU.ActiveCfg = Release|Any CPU
		{F272DD57-4E32-4265-9841-2D8CE6717513}.Release|Any CPU.Build.0 = Release|Any CPU
		{0271C760-DB04-4005-9448-9C634A399D03}.Debug|Any CPU.ActiveCfg = Debug|Any CPU
		{0271C760-DB04-4005-9448-9C634A399D03}.Debug|Any CPU.Build.0 = Debug|Any CPU
		{0271C760-DB04-4005-9448-9C634A399D03}.Release|Any CPU.ActiveCfg = Release|Any CPU
		{0271C760-DB04-4005-9448-9C634A399D03}.Release|Any CPU.Build.0 = Release|Any CPU
		{34C6DD2E-3692-4BD1-A1F4-ABDA3DC973F1}.Debug|Any CPU.ActiveCfg = Debug|Any CPU
		{34C6DD2E-3692-4BD1-A1F4-ABDA3DC973F1}.Debug|Any CPU.Build.0 = Debug|Any CPU
		{34C6DD2E-3692-4BD1-A1F4-ABDA3DC973F1}.Release|Any CPU.ActiveCfg = Release|Any CPU
		{34C6DD2E-3692-4BD1-A1F4-ABDA3DC973F1}.Release|Any CPU.Build.0 = Release|Any CPU
		{CE916F79-7CF5-479A-AFE8-33F467771CEE}.Debug|Any CPU.ActiveCfg = Debug|Any CPU
		{CE916F79-7CF5-479A-AFE8-33F467771CEE}.Debug|Any CPU.Build.0 = Debug|Any CPU
		{CE916F79-7CF5-479A-AFE8-33F467771CEE}.Release|Any CPU.ActiveCfg = Release|Any CPU
		{CE916F79-7CF5-479A-AFE8-33F467771CEE}.Release|Any CPU.Build.0 = Release|Any CPU
		{8CEC5CA2-AEAE-4003-B861-ABCD08A96FC3}.Debug|Any CPU.ActiveCfg = Debug|Any CPU
		{8CEC5CA2-AEAE-4003-B861-ABCD08A96FC3}.Debug|Any CPU.Build.0 = Debug|Any CPU
		{8CEC5CA2-AEAE-4003-B861-ABCD08A96FC3}.Release|Any CPU.ActiveCfg = Release|Any CPU
		{8CEC5CA2-AEAE-4003-B861-ABCD08A96FC3}.Release|Any CPU.Build.0 = Release|Any CPU
		{AD479B8D-2D19-477D-8F77-69EA42A61E50}.Debug|Any CPU.ActiveCfg = Debug|Any CPU
		{AD479B8D-2D19-477D-8F77-69EA42A61E50}.Debug|Any CPU.Build.0 = Debug|Any CPU
		{AD479B8D-2D19-477D-8F77-69EA42A61E50}.Release|Any CPU.ActiveCfg = Release|Any CPU
		{AD479B8D-2D19-477D-8F77-69EA42A61E50}.Release|Any CPU.Build.0 = Release|Any CPU
		{B4B8A357-E5E8-474B-90AE-498598F4C9F5}.Debug|Any CPU.ActiveCfg = Debug|Any CPU
		{B4B8A357-E5E8-474B-90AE-498598F4C9F5}.Debug|Any CPU.Build.0 = Debug|Any CPU
		{B4B8A357-E5E8-474B-90AE-498598F4C9F5}.Release|Any CPU.ActiveCfg = Release|Any CPU
		{B4B8A357-E5E8-474B-90AE-498598F4C9F5}.Release|Any CPU.Build.0 = Release|Any CPU
		{69A12F6A-6165-4AB7-9FEC-95449129ED7C}.Debug|Any CPU.ActiveCfg = Debug|Any CPU
		{69A12F6A-6165-4AB7-9FEC-95449129ED7C}.Debug|Any CPU.Build.0 = Debug|Any CPU
		{69A12F6A-6165-4AB7-9FEC-95449129ED7C}.Release|Any CPU.ActiveCfg = Release|Any CPU
		{69A12F6A-6165-4AB7-9FEC-95449129ED7C}.Release|Any CPU.Build.0 = Release|Any CPU
		{266419FE-CD4A-4E3A-8225-EB3753407494}.Debug|Any CPU.ActiveCfg = Debug|Any CPU
		{266419FE-CD4A-4E3A-8225-EB3753407494}.Debug|Any CPU.Build.0 = Debug|Any CPU
		{266419FE-CD4A-4E3A-8225-EB3753407494}.Release|Any CPU.ActiveCfg = Release|Any CPU
		{266419FE-CD4A-4E3A-8225-EB3753407494}.Release|Any CPU.Build.0 = Release|Any CPU
		{75911EA9-C644-489E-8CDD-585BDEB09516}.Debug|Any CPU.ActiveCfg = Debug|Any CPU
		{75911EA9-C644-489E-8CDD-585BDEB09516}.Debug|Any CPU.Build.0 = Debug|Any CPU
		{75911EA9-C644-489E-8CDD-585BDEB09516}.Release|Any CPU.ActiveCfg = Release|Any CPU
		{75911EA9-C644-489E-8CDD-585BDEB09516}.Release|Any CPU.Build.0 = Release|Any CPU
		{0BECBB3E-434D-415D-AF2F-753FCF38C2F3}.Debug|Any CPU.ActiveCfg = Debug|Any CPU
		{0BECBB3E-434D-415D-AF2F-753FCF38C2F3}.Debug|Any CPU.Build.0 = Debug|Any CPU
		{0BECBB3E-434D-415D-AF2F-753FCF38C2F3}.Release|Any CPU.ActiveCfg = Release|Any CPU
		{0BECBB3E-434D-415D-AF2F-753FCF38C2F3}.Release|Any CPU.Build.0 = Release|Any CPU
		{562AFD6C-2A4C-481A-AD61-60185A6CD4EB}.Debug|Any CPU.ActiveCfg = Debug|Any CPU
		{562AFD6C-2A4C-481A-AD61-60185A6CD4EB}.Debug|Any CPU.Build.0 = Debug|Any CPU
		{562AFD6C-2A4C-481A-AD61-60185A6CD4EB}.Release|Any CPU.ActiveCfg = Release|Any CPU
		{562AFD6C-2A4C-481A-AD61-60185A6CD4EB}.Release|Any CPU.Build.0 = Release|Any CPU
		{30237733-5E4E-4C92-BDD4-4F421ACC5206}.Debug|Any CPU.ActiveCfg = Debug|Any CPU
		{30237733-5E4E-4C92-BDD4-4F421ACC5206}.Debug|Any CPU.Build.0 = Debug|Any CPU
		{30237733-5E4E-4C92-BDD4-4F421ACC5206}.Release|Any CPU.ActiveCfg = Release|Any CPU
		{30237733-5E4E-4C92-BDD4-4F421ACC5206}.Release|Any CPU.Build.0 = Release|Any CPU
		{CCEBC881-0815-4BE2-A607-E312248C7F89}.Debug|Any CPU.ActiveCfg = Debug|Any CPU
		{CCEBC881-0815-4BE2-A607-E312248C7F89}.Debug|Any CPU.Build.0 = Debug|Any CPU
		{CCEBC881-0815-4BE2-A607-E312248C7F89}.Release|Any CPU.ActiveCfg = Release|Any CPU
		{CCEBC881-0815-4BE2-A607-E312248C7F89}.Release|Any CPU.Build.0 = Release|Any CPU
		{656209F2-EFB1-4BD4-9846-3FAB129875D4}.Debug|Any CPU.ActiveCfg = Debug|Any CPU
		{656209F2-EFB1-4BD4-9846-3FAB129875D4}.Debug|Any CPU.Build.0 = Debug|Any CPU
		{656209F2-EFB1-4BD4-9846-3FAB129875D4}.Release|Any CPU.ActiveCfg = Release|Any CPU
		{656209F2-EFB1-4BD4-9846-3FAB129875D4}.Release|Any CPU.Build.0 = Release|Any CPU
	EndGlobalSection
	GlobalSection(NestedProjects) = preSolution
		{EE7FE9DE-6BA8-44C8-B89B-727041A76984} = {8E5B2B4D-6A06-447A-9FAC-5CD20CBA73B9}
		{0271C760-DB04-4005-9448-9C634A399D03} = {378FF7B7-B16D-4C1C-9FA1-88A33375730E}
		{34C6DD2E-3692-4BD1-A1F4-ABDA3DC973F1} = {378FF7B7-B16D-4C1C-9FA1-88A33375730E}
		{CE916F79-7CF5-479A-AFE8-33F467771CEE} = {378FF7B7-B16D-4C1C-9FA1-88A33375730E}
		{8CEC5CA2-AEAE-4003-B861-ABCD08A96FC3} = {378FF7B7-B16D-4C1C-9FA1-88A33375730E}
		{AD479B8D-2D19-477D-8F77-69EA42A61E50} = {378FF7B7-B16D-4C1C-9FA1-88A33375730E}
		{B4B8A357-E5E8-474B-90AE-498598F4C9F5} = {378FF7B7-B16D-4C1C-9FA1-88A33375730E}
		{69A12F6A-6165-4AB7-9FEC-95449129ED7C} = {378FF7B7-B16D-4C1C-9FA1-88A33375730E}
		{266419FE-CD4A-4E3A-8225-EB3753407494} = {378FF7B7-B16D-4C1C-9FA1-88A33375730E}
		{75911EA9-C644-489E-8CDD-585BDEB09516} = {378FF7B7-B16D-4C1C-9FA1-88A33375730E}
		{F272DD57-4E32-4265-9841-2D8CE6717513} = {15CA8E4D-E81D-49B3-B48C-DB59C437FC49}
		{0BECBB3E-434D-415D-AF2F-753FCF38C2F3} = {108DB301-B3B2-4031-8DB8-1D1D3726E7A7}
		{562AFD6C-2A4C-481A-AD61-60185A6CD4EB} = {108DB301-B3B2-4031-8DB8-1D1D3726E7A7}
		{30237733-5E4E-4C92-BDD4-4F421ACC5206} = {108DB301-B3B2-4031-8DB8-1D1D3726E7A7}
		{CCEBC881-0815-4BE2-A607-E312248C7F89} = {108DB301-B3B2-4031-8DB8-1D1D3726E7A7}
		{656209F2-EFB1-4BD4-9846-3FAB129875D4} = {108DB301-B3B2-4031-8DB8-1D1D3726E7A7}
	EndGlobalSection
EndGlobal
